{
  "name": "honey-source",
  "lockfileVersion": 3,
  "requires": true,
  "packages": {
    "": {
      "dependencies": {
        "js-deobfuscator": "^1.1.1",
        "restringer": "^2.0.7"
      }
    },
    "node_modules/@javascript-obfuscator/estraverse": {
      "version": "5.4.0",
      "resolved": "https://registry.npmjs.org/@javascript-obfuscator/estraverse/-/estraverse-5.4.0.tgz",
      "integrity": "sha512-CZFX7UZVN9VopGbjTx4UXaXsi9ewoM1buL0kY7j1ftYdSs7p2spv9opxFjHlQ/QGTgh4UqufYqJJ0WKLml7b6w==",
      "license": "BSD-2-Clause",
      "engines": {
        "node": ">=4.0"
      }
    },
    "node_modules/acorn": {
      "version": "8.14.0",
      "resolved": "https://registry.npmjs.org/acorn/-/acorn-8.14.0.tgz",
      "integrity": "sha512-cl669nCJTZBsL97OF4kUQm5g5hC2uihk0NxY3WENAC0TYdILVkAyHymAntgxGkl7K+t0cXIrH5siy5S4XkFycA==",
      "license": "MIT",
      "bin": {
        "acorn": "bin/acorn"
      },
      "engines": {
        "node": ">=0.4.0"
      }
    },
    "node_modules/acorn-jsx": {
      "version": "5.3.2",
      "resolved": "https://registry.npmjs.org/acorn-jsx/-/acorn-jsx-5.3.2.tgz",
      "integrity": "sha512-rq9s+JNhf0IChjtDXxllJ7g41oZk5SlXtp0LHwyA5cejwn7vKmKp4pPri6YEePv2PU65sAsegbXtIinmDFDXgQ==",
      "license": "MIT",
      "peerDependencies": {
        "acorn": "^6.0.0 || ^7.0.0 || ^8.0.0"
      }
    },
    "node_modules/base64-js": {
      "version": "1.5.1",
      "resolved": "https://registry.npmjs.org/base64-js/-/base64-js-1.5.1.tgz",
      "integrity": "sha512-AKpaYlHn8t4SVbOHCy+b5+KKgvR4vrsD8vbvrbiQJps7fKDTkjkDry6ji0rUJjC0kzbNePLwzxq8iypo41qeWA==",
      "funding": [
        {
          "type": "github",
          "url": "https://github.com/sponsors/feross"
        },
        {
          "type": "patreon",
          "url": "https://www.patreon.com/feross"
        },
        {
          "type": "consulting",
          "url": "https://feross.org/support"
        }
      ],
      "license": "MIT"
    },
    "node_modules/bl": {
      "version": "4.1.0",
      "resolved": "https://registry.npmjs.org/bl/-/bl-4.1.0.tgz",
      "integrity": "sha512-1W07cM9gS6DcLperZfFSj+bWLtaPGSOHWhPiGzXmvVJbRLdG82sH/Kn8EtW1VqWVA54AKf2h5k5BbnIbwF3h6w==",
      "license": "MIT",
      "dependencies": {
        "buffer": "^5.5.0",
        "inherits": "^2.0.4",
        "readable-stream": "^3.4.0"
      }
    },
    "node_modules/buffer": {
      "version": "5.7.1",
      "resolved": "https://registry.npmjs.org/buffer/-/buffer-5.7.1.tgz",
      "integrity": "sha512-EHcyIPBQ4BSGlvjB16k5KgAJ27CIsHY/2JBmCRReo48y9rQ3MaUzWX3KVlBa4U7MyX02HdVj0K7C3WaB3ju7FQ==",
      "funding": [
        {
          "type": "github",
          "url": "https://github.com/sponsors/feross"
        },
        {
          "type": "patreon",
          "url": "https://www.patreon.com/feross"
        },
        {
          "type": "consulting",
          "url": "https://feross.org/support"
        }
      ],
      "license": "MIT",
      "dependencies": {
        "base64-js": "^1.3.1",
        "ieee754": "^1.1.13"
      }
    },
    "node_modules/chownr": {
      "version": "1.1.4",
      "resolved": "https://registry.npmjs.org/chownr/-/chownr-1.1.4.tgz",
      "integrity": "sha512-jJ0bqzaylmJtVnNgzTeSOs8DPavpbYgEr/b0YL8/2GO3xJEhInFmhKMUnEJQjZumK7KXGFhUy89PrsJWlakBVg==",
      "license": "ISC"
    },
    "node_modules/commander": {
      "version": "9.5.0",
      "resolved": "https://registry.npmjs.org/commander/-/commander-9.5.0.tgz",
      "integrity": "sha512-KRs7WVDKg86PWiuAqhDrAQnTXZKraVcCc6vFdL14qrZ/DcWwuRo7VoiYXalXO7S5GKpqYiVEwCbgFDfxNHKJBQ==",
      "license": "MIT",
      "engines": {
        "node": "^12.20.0 || >=14"
      }
    },
    "node_modules/decompress-response": {
      "version": "6.0.0",
      "resolved": "https://registry.npmjs.org/decompress-response/-/decompress-response-6.0.0.tgz",
      "integrity": "sha512-aW35yZM6Bb/4oJlZncMH2LCoZtJXTRxES17vE3hoRiowU2kWHaJKFkSBDnDR+cm9J+9QhXmREyIfv0pji9ejCQ==",
      "license": "MIT",
      "dependencies": {
        "mimic-response": "^3.1.0"
      },
      "engines": {
        "node": ">=10"
      },
      "funding": {
        "url": "https://github.com/sponsors/sindresorhus"
      }
    },
    "node_modules/deep-extend": {
      "version": "0.6.0",
      "resolved": "https://registry.npmjs.org/deep-extend/-/deep-extend-0.6.0.tgz",
      "integrity": "sha512-LOHxIOaPYdHlJRtCQfDIVZtfw/ufM8+rVj649RIHzcm/vGwQRXFt6OPqIFWsm2XEMrNIEtWR64sY1LEKD2vAOA==",
      "license": "MIT",
      "engines": {
        "node": ">=4.0.0"
      }
    },
    "node_modules/deep-is": {
      "version": "0.1.4",
      "resolved": "https://registry.npmjs.org/deep-is/-/deep-is-0.1.4.tgz",
      "integrity": "sha512-oIPzksmTg4/MriiaYGO+okXDT7ztn/w3Eptv/+gSIdMdKsJo0u4CfYNFJPy+4SKMuCqGw2wxnA+URMg3t8a/bQ==",
      "license": "MIT"
    },
    "node_modules/detect-libc": {
      "version": "2.0.3",
      "resolved": "https://registry.npmjs.org/detect-libc/-/detect-libc-2.0.3.tgz",
      "integrity": "sha512-bwy0MGW55bG41VqxxypOsdSdGqLwXPI/focwgTYCFMbdUiBAxLg9CFzG08sz2aqzknwiX7Hkl0bQENjg8iLByw==",
      "license": "Apache-2.0",
      "engines": {
        "node": ">=8"
      }
    },
    "node_modules/end-of-stream": {
      "version": "1.4.4",
      "resolved": "https://registry.npmjs.org/end-of-stream/-/end-of-stream-1.4.4.tgz",
      "integrity": "sha512-+uw1inIHVPQoaVuHzRyXd21icM+cnt4CzD5rW+NC1wjOUSTOs+Te7FOv7AhN7vS9x/oIyhLP5PR1H+phQAHu5Q==",
      "license": "MIT",
      "dependencies": {
        "once": "^1.4.0"
      }
    },
    "node_modules/escodegen": {
      "name": "@javascript-obfuscator/escodegen",
      "version": "2.3.0",
      "resolved": "https://registry.npmjs.org/@javascript-obfuscator/escodegen/-/escodegen-2.3.0.tgz",
      "integrity": "sha512-QVXwMIKqYMl3KwtTirYIA6gOCiJ0ZDtptXqAv/8KWLG9uQU2fZqTVy7a/A5RvcoZhbDoFfveTxuGxJ5ibzQtkw==",
      "license": "BSD-2-Clause",
      "dependencies": {
        "@javascript-obfuscator/estraverse": "^5.3.0",
        "esprima": "^4.0.1",
        "esutils": "^2.0.2",
        "optionator": "^0.8.1"
      },
      "engines": {
        "node": ">=6.0"
      },
      "optionalDependencies": {
        "source-map": "~0.6.1"
      }
    },
    "node_modules/eslint-scope": {
      "version": "8.2.0",
      "resolved": "https://registry.npmjs.org/eslint-scope/-/eslint-scope-8.2.0.tgz",
      "integrity": "sha512-PHlWUfG6lvPc3yvP5A4PNyBL1W8fkDUccmI21JUu/+GKZBoH/W5u6usENXUrWFRsyoW5ACUjFGgAFQp5gUlb/A==",
      "license": "BSD-2-Clause",
      "dependencies": {
        "esrecurse": "^4.3.0",
        "estraverse": "^5.2.0"
      },
      "engines": {
        "node": "^18.18.0 || ^20.9.0 || >=21.1.0"
      },
      "funding": {
        "url": "https://opencollective.com/eslint"
      }
    },
    "node_modules/eslint-visitor-keys": {
      "version": "4.2.0",
      "resolved": "https://registry.npmjs.org/eslint-visitor-keys/-/eslint-visitor-keys-4.2.0.tgz",
      "integrity": "sha512-UyLnSehNt62FFhSwjZlHmeokpRK59rcz29j+F1/aDgbkbRTk7wIc9XzdoasMUbRNKDM0qQt/+BJ4BrpFeABemw==",
      "license": "Apache-2.0",
      "engines": {
        "node": "^18.18.0 || ^20.9.0 || >=21.1.0"
      },
      "funding": {
        "url": "https://opencollective.com/eslint"
      }
    },
    "node_modules/espree": {
      "version": "10.3.0",
      "resolved": "https://registry.npmjs.org/espree/-/espree-10.3.0.tgz",
      "integrity": "sha512-0QYC8b24HWY8zjRnDTL6RiHfDbAWn63qb4LMj1Z4b076A4une81+z03Kg7l7mn/48PUTqoLptSXez8oknU8Clg==",
      "license": "BSD-2-Clause",
      "dependencies": {
        "acorn": "^8.14.0",
        "acorn-jsx": "^5.3.2",
        "eslint-visitor-keys": "^4.2.0"
      },
      "engines": {
        "node": "^18.18.0 || ^20.9.0 || >=21.1.0"
      },
      "funding": {
        "url": "https://opencollective.com/eslint"
      }
    },
    "node_modules/esprima": {
      "version": "4.0.1",
      "resolved": "https://registry.npmjs.org/esprima/-/esprima-4.0.1.tgz",
      "integrity": "sha512-eGuFFw7Upda+g4p+QHvnW0RyTX/SVeJBDM/gCtMARO0cLuT2HcEKnTPvhjV6aGeqrCB/sbNop0Kszm0jsaWU4A==",
      "license": "BSD-2-Clause",
      "bin": {
        "esparse": "bin/esparse.js",
        "esvalidate": "bin/esvalidate.js"
      },
      "engines": {
        "node": ">=4"
      }
    },
    "node_modules/esrecurse": {
      "version": "4.3.0",
      "resolved": "https://registry.npmjs.org/esrecurse/-/esrecurse-4.3.0.tgz",
      "integrity": "sha512-KmfKL3b6G+RXvP8N1vr3Tq1kL/oCFgn2NYXEtqP8/L3pKapUA4G8cFVaoF3SU323CD4XypR/ffioHmkti6/Tag==",
      "license": "BSD-2-Clause",
      "dependencies": {
        "estraverse": "^5.2.0"
      },
      "engines": {
        "node": ">=4.0"
      }
    },
    "node_modules/estraverse": {
      "version": "5.3.0",
      "resolved": "https://registry.npmjs.org/estraverse/-/estraverse-5.3.0.tgz",
      "integrity": "sha512-MMdARuVEQziNTeJD8DgMqmhwR11BRQ/cBP+pLtYdSTnf3MIO8fFeiINEbX36ZdNlfU/7A9f3gUw49B3oQsvwBA==",
      "license": "BSD-2-Clause",
      "engines": {
        "node": ">=4.0"
      }
    },
    "node_modules/esutils": {
      "version": "2.0.3",
      "resolved": "https://registry.npmjs.org/esutils/-/esutils-2.0.3.tgz",
      "integrity": "sha512-kVscqXk4OCp68SZ0dkgEKVi6/8ij300KBWTJq32P/dYeWTSwK41WyTxalN1eRmA5Z9UU/LX9D7FWSmV9SAYx6g==",
      "license": "BSD-2-Clause",
      "engines": {
        "node": ">=0.10.0"
      }
    },
    "node_modules/expand-template": {
      "version": "2.0.3",
      "resolved": "https://registry.npmjs.org/expand-template/-/expand-template-2.0.3.tgz",
      "integrity": "sha512-XYfuKMvj4O35f/pOXLObndIRvyQ+/+6AhODh+OKWj9S9498pHHn/IMszH+gt0fBCRWMNfk1ZSp5x3AifmnI2vg==",
      "license": "(MIT OR WTFPL)",
      "engines": {
        "node": ">=6"
      }
    },
    "node_modules/fast-levenshtein": {
      "version": "2.0.6",
      "resolved": "https://registry.npmjs.org/fast-levenshtein/-/fast-levenshtein-2.0.6.tgz",
      "integrity": "sha512-DCXu6Ifhqcks7TZKY3Hxp3y6qphY5SJZmrWMDrKcERSOXWQdMhU9Ig/PYrzyw/ul9jOIyh0N4M0tbC5hodg8dw==",
      "license": "MIT"
    },
    "node_modules/flast": {
      "version": "2.2.1",
      "resolved": "https://registry.npmjs.org/flast/-/flast-2.2.1.tgz",
      "integrity": "sha512-04Pd2dulGdhZ9GJ1CNzsx9gTAu8oAvlwFm6n0HLDVdHhcaTGOb3xzntZSFeHEFsYf5QkVy7koFFqvZKmKLrZqA==",
      "license": "MIT",
      "dependencies": {
        "escodegen": "npm:@javascript-obfuscator/escodegen",
        "eslint-scope": "^8.2.0",
        "espree": "^10.3.0"
      }
    },
    "node_modules/fs-constants": {
      "version": "1.0.0",
      "resolved": "https://registry.npmjs.org/fs-constants/-/fs-constants-1.0.0.tgz",
      "integrity": "sha512-y6OAwoSIf7FyjMIv94u+b5rdheZEjzR63GTyZJm5qh4Bi+2YgwLCcI/fPFZkL5PSixOt6ZNKm+w+Hfp/Bciwow==",
      "license": "MIT"
    },
    "node_modules/github-from-package": {
      "version": "0.0.0",
      "resolved": "https://registry.npmjs.org/github-from-package/-/github-from-package-0.0.0.tgz",
      "integrity": "sha512-SyHy3T1v2NUXn29OsWdxmK6RwHD+vkj3v8en8AOBZ1wBQ/hCAQ5bAQTD02kW4W9tUp/3Qh6J8r9EvntiyCmOOw==",
      "license": "MIT"
    },
    "node_modules/ieee754": {
      "version": "1.2.1",
      "resolved": "https://registry.npmjs.org/ieee754/-/ieee754-1.2.1.tgz",
      "integrity": "sha512-dcyqhDvX1C46lXZcVqCpK+FtMRQVdIMN6/Df5js2zouUsqG7I6sFxitIC+7KYK29KdXOLHdu9zL4sFnoVQnqaA==",
      "funding": [
        {
          "type": "github",
          "url": "https://github.com/sponsors/feross"
        },
        {
          "type": "patreon",
          "url": "https://www.patreon.com/feross"
        },
        {
          "type": "consulting",
          "url": "https://feross.org/support"
        }
      ],
      "license": "BSD-3-Clause"
    },
    "node_modules/inherits": {
      "version": "2.0.4",
      "resolved": "https://registry.npmjs.org/inherits/-/inherits-2.0.4.tgz",
      "integrity": "sha512-k/vGaX4/Yla3WzyMCvTQOXYeIHvqOKtnqBduzTHpzpQZzAskKMhZ2K+EnBiSM9zGSoIFeMpXKxa4dYeZIQqewQ==",
      "license": "ISC"
    },
    "node_modules/ini": {
      "version": "1.3.8",
      "resolved": "https://registry.npmjs.org/ini/-/ini-1.3.8.tgz",
      "integrity": "sha512-JV/yugV2uzW5iMRSiZAyDtQd+nxtUnjeLt0acNdw98kKLrvuRVyB80tsREOE7yvGVgalhZ6RNXCmEHkUKBKxew==",
      "license": "ISC"
    },
    "node_modules/isolated-vm": {
      "version": "5.0.3",
      "resolved": "https://registry.npmjs.org/isolated-vm/-/isolated-vm-5.0.3.tgz",
      "integrity": "sha512-GNqX0j7dkwdaNQfFogLLb/tSuPZbXtKlk5ldaJ084ngjaW9/bn34x9FQFL856p20KSZoubIIummmiJf+2hzhCw==",
      "hasInstallScript": true,
      "license": "ISC",
      "dependencies": {
        "prebuild-install": "^7.1.2"
      },
      "engines": {
        "node": ">=18.0.0"
      }
    },
    "node_modules/js-deobfuscator": {
      "version": "1.1.1",
      "resolved": "https://registry.npmjs.org/js-deobfuscator/-/js-deobfuscator-1.1.1.tgz",
      "integrity": "sha512-7EqqayAYtXVgO9H3M7wuRttyxMPkg/JBPqWP4VCqPaW0SRTdQrNVp4cRBTnz8PYbu+YyEvQdr9FHuCLewg9RSQ==",
      "license": "ISC",
      "dependencies": {
        "commander": "^9.4.0",
        "estraverse": "^4.2.0",
        "shift-ast": "^6.1.0",
        "shift-codegen": "github:ben-sb/shift-codegen-js",
        "shift-parser": "^8.0.0",
        "shift-validator": "^5.0.1",
        "uuid": "^8.3.2"
      },
      "bin": {
        "js-deobfuscator": "dist/cli.js"
      }
    },
    "node_modules/js-deobfuscator/node_modules/estraverse": {
      "version": "4.3.0",
      "resolved": "https://registry.npmjs.org/estraverse/-/estraverse-4.3.0.tgz",
      "integrity": "sha512-39nnKffWz8xN1BU/2c79n9nB9HDzo0niYUqx6xyqUnyoAnQyyWpOTdZEeiCch8BBu515t4wp9ZmgVfVhn9EBpw==",
      "license": "BSD-2-Clause",
      "engines": {
        "node": ">=4.0"
      }
    },
    "node_modules/levn": {
      "version": "0.3.0",
      "resolved": "https://registry.npmjs.org/levn/-/levn-0.3.0.tgz",
      "integrity": "sha512-0OO4y2iOHix2W6ujICbKIaEQXvFQHue65vUG3pb5EUomzPI90z9hsA1VsO/dbIIpC53J8gxM9Q4Oho0jrCM/yA==",
      "license": "MIT",
      "dependencies": {
        "prelude-ls": "~1.1.2",
        "type-check": "~0.3.2"
      },
      "engines": {
        "node": ">= 0.8.0"
      }
    },
    "node_modules/mimic-response": {
      "version": "3.1.0",
      "resolved": "https://registry.npmjs.org/mimic-response/-/mimic-response-3.1.0.tgz",
      "integrity": "sha512-z0yWI+4FDrrweS8Zmt4Ej5HdJmky15+L2e6Wgn3+iK5fWzb6T3fhNFq2+MeTRb064c6Wr4N/wv0DzQTjNzHNGQ==",
      "license": "MIT",
      "engines": {
        "node": ">=10"
      },
      "funding": {
        "url": "https://github.com/sponsors/sindresorhus"
      }
    },
    "node_modules/minimist": {
      "version": "1.2.8",
      "resolved": "https://registry.npmjs.org/minimist/-/minimist-1.2.8.tgz",
      "integrity": "sha512-2yyAR8qBkN3YuheJanUpWC5U3bb5osDywNB8RzDVlDwDHbocAJveqqj1u8+SVD7jkWT4yvsHCpWqqWqAxb0zCA==",
      "license": "MIT",
      "funding": {
        "url": "https://github.com/sponsors/ljharb"
      }
    },
    "node_modules/mkdirp-classic": {
      "version": "0.5.3",
      "resolved": "https://registry.npmjs.org/mkdirp-classic/-/mkdirp-classic-0.5.3.tgz",
      "integrity": "sha512-gKLcREMhtuZRwRAfqP3RFW+TK4JqApVBtOIftVgjuABpAtpxhPGaDcfvbhNvD0B8iD1oUr/txX35NjcaY6Ns/A==",
      "license": "MIT"
    },
    "node_modules/multimap": {
      "version": "1.1.0",
      "resolved": "https://registry.npmjs.org/multimap/-/multimap-1.1.0.tgz",
      "integrity": "sha512-0ZIR9PasPxGXmRsEF8jsDzndzHDj7tIav+JUmvIFB/WHswliFnquxECT/De7GR4yg99ky/NlRKJT82G1y271bw==",
      "license": "MIT"
    },
    "node_modules/napi-build-utils": {
      "version": "1.0.2",
      "resolved": "https://registry.npmjs.org/napi-build-utils/-/napi-build-utils-1.0.2.tgz",
      "integrity": "sha512-ONmRUqK7zj7DWX0D9ADe03wbwOBZxNAfF20PlGfCWQcD3+/MakShIHrMqx9YwPTfxDdF1zLeL+RGZiR9kGMLdg==",
      "license": "MIT"
    },
    "node_modules/node-abi": {
      "version": "3.71.0",
      "resolved": "https://registry.npmjs.org/node-abi/-/node-abi-3.71.0.tgz",
      "integrity": "sha512-SZ40vRiy/+wRTf21hxkkEjPJZpARzUMVcJoQse2EF8qkUWbbO2z7vd5oA/H6bVH6SZQ5STGcu0KRDS7biNRfxw==",
      "license": "MIT",
      "dependencies": {
        "semver": "^7.3.5"
      },
      "engines": {
        "node": ">=10"
      }
    },
    "node_modules/obfuscation-detector": {
      "version": "2.0.5",
      "resolved": "https://registry.npmjs.org/obfuscation-detector/-/obfuscation-detector-2.0.5.tgz",
      "integrity": "sha512-g4VLMZronO5ZTZUWzTY9k8YfevkT1YGp0go514WStGAvHSQ6Yh2d9LzG1q4rJ+goDqYo0+tPOrP/xKLxptqkUw==",
      "license": "MIT",
      "dependencies": {
        "flast": "^2.2.1"
      },
      "bin": {
        "obfuscation-detector": "bin/obfuscation-detector.js"
      }
    },
    "node_modules/object-assign": {
      "version": "4.1.1",
      "resolved": "https://registry.npmjs.org/object-assign/-/object-assign-4.1.1.tgz",
      "integrity": "sha512-rJgTQnkUnH1sFw8yT6VSU3zD3sWmu6sZhIseY8VX+GRu3P6F7Fu+JNDoXfklElbLJSnc3FUQHVe4cU5hj+BcUg==",
      "license": "MIT",
      "engines": {
        "node": ">=0.10.0"
      }
    },
    "node_modules/once": {
      "version": "1.4.0",
      "resolved": "https://registry.npmjs.org/once/-/once-1.4.0.tgz",
      "integrity": "sha512-lNaJgI+2Q5URQBkccEKHTQOPaXdUxnZZElQTZY0MFUAuaEqe1E+Nyvgdz/aIyNi6Z9MzO5dv1H8n58/GELp3+w==",
      "license": "ISC",
      "dependencies": {
        "wrappy": "1"
      }
    },
    "node_modules/optionator": {
      "version": "0.8.3",
      "resolved": "https://registry.npmjs.org/optionator/-/optionator-0.8.3.tgz",
      "integrity": "sha512-+IW9pACdk3XWmmTXG8m3upGUJst5XRGzxMRjXzAuJ1XnIFNvfhjjIuYkDvysnPQ7qzqVzLt78BCruntqRhWQbA==",
      "license": "MIT",
      "dependencies": {
        "deep-is": "~0.1.3",
        "fast-levenshtein": "~2.0.6",
        "levn": "~0.3.0",
        "prelude-ls": "~1.1.2",
        "type-check": "~0.3.2",
        "word-wrap": "~1.2.3"
      },
      "engines": {
        "node": ">= 0.8.0"
      }
    },
    "node_modules/prebuild-install": {
      "version": "7.1.2",
      "resolved": "https://registry.npmjs.org/prebuild-install/-/prebuild-install-7.1.2.tgz",
      "integrity": "sha512-UnNke3IQb6sgarcZIDU3gbMeTp/9SSU1DAIkil7PrqG1vZlBtY5msYccSKSHDqa3hNg436IXK+SNImReuA1wEQ==",
      "license": "MIT",
      "dependencies": {
        "detect-libc": "^2.0.0",
        "expand-template": "^2.0.3",
        "github-from-package": "0.0.0",
        "minimist": "^1.2.3",
        "mkdirp-classic": "^0.5.3",
        "napi-build-utils": "^1.0.1",
        "node-abi": "^3.3.0",
        "pump": "^3.0.0",
        "rc": "^1.2.7",
        "simple-get": "^4.0.0",
        "tar-fs": "^2.0.0",
        "tunnel-agent": "^0.6.0"
      },
      "bin": {
        "prebuild-install": "bin.js"
      },
      "engines": {
        "node": ">=10"
      }
    },
    "node_modules/prelude-ls": {
      "version": "1.1.2",
      "resolved": "https://registry.npmjs.org/prelude-ls/-/prelude-ls-1.1.2.tgz",
      "integrity": "sha512-ESF23V4SKG6lVSGZgYNpbsiaAkdab6ZgOxe52p7+Kid3W3u3bxR4Vfd/o21dmN7jSt0IwgZ4v5MUd26FEtXE9w==",
      "engines": {
        "node": ">= 0.8.0"
      }
    },
    "node_modules/pump": {
      "version": "3.0.2",
      "resolved": "https://registry.npmjs.org/pump/-/pump-3.0.2.tgz",
      "integrity": "sha512-tUPXtzlGM8FE3P0ZL6DVs/3P58k9nk8/jZeQCurTJylQA8qFYzHFfhBJkuqyE0FifOsQ0uKWekiZ5g8wtr28cw==",
      "license": "MIT",
      "dependencies": {
        "end-of-stream": "^1.1.0",
        "once": "^1.3.1"
      }
    },
    "node_modules/rc": {
      "version": "1.2.8",
      "resolved": "https://registry.npmjs.org/rc/-/rc-1.2.8.tgz",
      "integrity": "sha512-y3bGgqKj3QBdxLbLkomlohkvsA8gdAiUQlSBJnBhfn+BPxg4bc62d8TcBW15wavDfgexCgccckhcZvywyQYPOw==",
      "license": "(BSD-2-Clause OR MIT OR Apache-2.0)",
      "dependencies": {
        "deep-extend": "^0.6.0",
        "ini": "~1.3.0",
        "minimist": "^1.2.0",
        "strip-json-comments": "~2.0.1"
      },
      "bin": {
        "rc": "cli.js"
      }
    },
    "node_modules/readable-stream": {
      "version": "3.6.2",
      "resolved": "https://registry.npmjs.org/readable-stream/-/readable-stream-3.6.2.tgz",
      "integrity": "sha512-9u/sniCrY3D5WdsERHzHE4G2YCXqoG5FTHUiCC4SIbr6XcLZBY05ya9EKjYek9O5xOAwjGq+1JdGBAS7Q9ScoA==",
      "license": "MIT",
      "dependencies": {
        "inherits": "^2.0.3",
        "string_decoder": "^1.1.1",
        "util-deprecate": "^1.0.1"
      },
      "engines": {
        "node": ">= 6"
      }
    },
    "node_modules/restringer": {
      "version": "2.0.7",
      "resolved": "https://registry.npmjs.org/restringer/-/restringer-2.0.7.tgz",
      "integrity": "sha512-VhXCUkqtwmg6ly2Mi2p1/UYweAo+4xbNHCYPu1rlVEyJd3gpdiv9D/RqhHx2bnn1eIX9cPKdaUudnVVC4YA8Kg==",
      "license": "MIT",
      "dependencies": {
        "flast": "2.2.1",
        "isolated-vm": "^5.0.3",
        "obfuscation-detector": "^2.0.5"
      },
      "bin": {
        "restringer": "bin/deobfuscate.js"
      }
    },
    "node_modules/safe-buffer": {
      "version": "5.2.1",
      "resolved": "https://registry.npmjs.org/safe-buffer/-/safe-buffer-5.2.1.tgz",
      "integrity": "sha512-rp3So07KcdmmKbGvgaNxQSJr7bGVSVk5S9Eq1F+ppbRo70+YeaDxkw5Dd8NPN+GD6bjnYm2VuPuCXmpuYvmCXQ==",
      "funding": [
        {
          "type": "github",
          "url": "https://github.com/sponsors/feross"
        },
        {
          "type": "patreon",
          "url": "https://www.patreon.com/feross"
        },
        {
          "type": "consulting",
          "url": "https://feross.org/support"
        }
      ],
      "license": "MIT"
    },
    "node_modules/semver": {
      "version": "7.6.3",
      "resolved": "https://registry.npmjs.org/semver/-/semver-7.6.3.tgz",
      "integrity": "sha512-oVekP1cKtI+CTDvHWYFUcMtsK/00wmAEfyqKfNdARm8u1wNVhSgaX7A8d4UuIlUI5e84iEwOhs7ZPYRmzU9U6A==",
      "license": "ISC",
      "bin": {
        "semver": "bin/semver.js"
      },
      "engines": {
        "node": ">=10"
      }
    },
    "node_modules/shift-ast": {
      "version": "6.1.0",
      "resolved": "https://registry.npmjs.org/shift-ast/-/shift-ast-6.1.0.tgz",
      "integrity": "sha512-Vj4XUIJIFPIh6VcBGJ1hjH/kM88XGer94Pr7Rvxa+idEylDsrwtLw268HoxGo5xReL6T3DdRl/9/Pr1XihZ/8Q==",
      "license": "Apache-2.0"
    },
    "node_modules/shift-codegen": {
      "version": "8.0.0",
      "resolved": "git+ssh://git@github.com/ben-sb/shift-codegen-js.git#68294180cdc89eaaa7e3561283b8c6a31a319ac6",
      "license": "Apache-2.0",
      "dependencies": {
        "esutils": "^2.0.2",
        "object-assign": "^4.1.0",
        "shift-reducer": "7.0.0"
      }
    },
    "node_modules/shift-parser": {
      "version": "8.0.0",
      "resolved": "https://registry.npmjs.org/shift-parser/-/shift-parser-8.0.0.tgz",
      "integrity": "sha512-IShW1wGhvA5e+SPNVQ+Dwi/Be6651F2jZc6wwYHbYW7PiswAYfvR/v3Q+CjjxsVCna5L6J5OtR6y+tkkCzvCfw==",
      "license": "Apache-2.0",
      "dependencies": {
        "multimap": "^1.0.2",
        "shift-ast": "7.0.0",
        "shift-reducer": "7.0.0",
        "shift-regexp-acceptor": "3.0.0"
      }
    },
    "node_modules/shift-parser/node_modules/shift-ast": {
      "version": "7.0.0",
      "resolved": "https://registry.npmjs.org/shift-ast/-/shift-ast-7.0.0.tgz",
      "integrity": "sha512-O0INwsZa1XH/lMSf52udGnjNOxKBLxFiZHt0Ys3i6bqtwuGEA3eDR4+e0qJELIsCy8+BiTtlTgQzP76K1ehipQ==",
      "license": "Apache-2.0"
    },
    "node_modules/shift-reducer": {
      "version": "7.0.0",
      "resolved": "https://registry.npmjs.org/shift-reducer/-/shift-reducer-7.0.0.tgz",
      "integrity": "sha512-9igIDMHzp1+CkQZITGHM1sAd9jqMPV0vhqHuh8jlYumHSMIwsYcrDeo1tlpzNRUnfbEq1nLyh8Bf1YU8HGUE7g==",
      "license": "Apache-2.0",
      "dependencies": {
        "shift-ast": "7.0.0"
      }
    },
    "node_modules/shift-reducer/node_modules/shift-ast": {
      "version": "7.0.0",
      "resolved": "https://registry.npmjs.org/shift-ast/-/shift-ast-7.0.0.tgz",
      "integrity": "sha512-O0INwsZa1XH/lMSf52udGnjNOxKBLxFiZHt0Ys3i6bqtwuGEA3eDR4+e0qJELIsCy8+BiTtlTgQzP76K1ehipQ==",
      "license": "Apache-2.0"
    },
    "node_modules/shift-regexp-acceptor": {
      "version": "3.0.0",
      "resolved": "https://registry.npmjs.org/shift-regexp-acceptor/-/shift-regexp-acceptor-3.0.0.tgz",
      "integrity": "sha512-98UKizBjHY6SjjLUr51YYw4rtR+vxjGFm8znqNsoahesAI8Y9+WVAyiBCxxkov1KSDhW0Wz8FwwUqHnlFnjdUg==",
      "license": "Apache-2.0",
      "dependencies": {
        "unicode-match-property-ecmascript": "1.0.4",
        "unicode-match-property-value-ecmascript": "1.0.2",
        "unicode-property-aliases-ecmascript": "1.0.4"
      }
    },
    "node_modules/shift-validator": {
      "version": "5.0.1",
      "resolved": "https://registry.npmjs.org/shift-validator/-/shift-validator-5.0.1.tgz",
      "integrity": "sha512-q0uUu2IWgEnItpuTbL1HGJkfBWKTGhDMTOqe1ANlc6qfV6jo1E3LB2P1rAVWQnOl+9iZSfdqYzNIACZ0j07l4Q==",
      "license": "Apache-2.0",
      "dependencies": {
        "esutils": "2.0.2",
        "shift-parser": "7.0.3",
        "shift-reducer": "6.0.0",
        "shift-regexp-acceptor": "2.0.3"
      }
    },
    "node_modules/shift-validator/node_modules/esutils": {
      "version": "2.0.2",
      "resolved": "https://registry.npmjs.org/esutils/-/esutils-2.0.2.tgz",
      "integrity": "sha512-UUPPULqkyAV+M3Shodis7l8D+IyX6V8SbaBnTb449jf3fMTd8+UOZI1Q70NbZVOQkcR91yYgdHsJiMMMVmYshg==",
      "engines": {
        "node": ">=0.10.0"
      }
    },
    "node_modules/shift-validator/node_modules/shift-ast": {
      "version": "6.0.0",
      "resolved": "https://registry.npmjs.org/shift-ast/-/shift-ast-6.0.0.tgz",
      "integrity": "sha512-XXxDcEBWVBzqWXfNYJlLyJ1/9kMvOXVRXiqPjkOrTCC5qRsBvEMJMRLLFhU3tn8ue56Y7IZyBE6bexFum5QLUw==",
      "license": "Apache-2.0"
    },
    "node_modules/shift-validator/node_modules/shift-parser": {
      "version": "7.0.3",
      "resolved": "https://registry.npmjs.org/shift-parser/-/shift-parser-7.0.3.tgz",
      "integrity": "sha512-uYX2ORyZfKZrUc4iKKkO9KOhzUSxCrSBk7QK6ZmShId+BOo1gh1IwecVy97ynyOTpmhPWUttjC8BzsnQl65Zew==",
      "license": "Apache-2.0",
      "dependencies": {
        "multimap": "^1.0.2",
        "shift-ast": "6.0.0",
        "shift-reducer": "6.0.0",
        "shift-regexp-acceptor": "2.0.3"
      }
    },
    "node_modules/shift-validator/node_modules/shift-reducer": {
      "version": "6.0.0",
      "resolved": "https://registry.npmjs.org/shift-reducer/-/shift-reducer-6.0.0.tgz",
      "integrity": "sha512-2rJraRP8drIOjvaE/sALa+0tGJmMVUzlmS3wIJerJbaYuCjpFAiF0WjkTOFVtz1144Nm/ECmqeG+7yRhuMVsMg==",
      "license": "Apache-2.0",
      "dependencies": {
        "shift-ast": "6.0.0"
      }
    },
    "node_modules/shift-validator/node_modules/shift-regexp-acceptor": {
      "version": "2.0.3",
      "resolved": "https://registry.npmjs.org/shift-regexp-acceptor/-/shift-regexp-acceptor-2.0.3.tgz",
      "integrity": "sha512-sxL7e5JNUFxm+gutFRXktX2D6KVgDAHNuDsk5XHB9Z+N5yXooZG6pdZ1GEbo3Jz6lF7ETYLBC4WAjIFm2RKTmA==",
      "license": "Apache-2.0",
      "dependencies": {
        "unicode-match-property-ecmascript": "1.0.4",
        "unicode-match-property-value-ecmascript": "1.0.2",
        "unicode-property-aliases-ecmascript": "1.0.4"
      }
    },
    "node_modules/simple-concat": {
      "version": "1.0.1",
      "resolved": "https://registry.npmjs.org/simple-concat/-/simple-concat-1.0.1.tgz",
      "integrity": "sha512-cSFtAPtRhljv69IK0hTVZQ+OfE9nePi/rtJmw5UjHeVyVroEqJXP1sFztKUy1qU+xvz3u/sfYJLa947b7nAN2Q==",
      "funding": [
        {
          "type": "github",
          "url": "https://github.com/sponsors/feross"
        },
        {
          "type": "patreon",
          "url": "https://www.patreon.com/feross"
        },
        {
          "type": "consulting",
          "url": "https://feross.org/support"
        }
      ],
      "license": "MIT"
    },
    "node_modules/simple-get": {
      "version": "4.0.1",
      "resolved": "https://registry.npmjs.org/simple-get/-/simple-get-4.0.1.tgz",
      "integrity": "sha512-brv7p5WgH0jmQJr1ZDDfKDOSeWWg+OVypG99A/5vYGPqJ6pxiaHLy8nxtFjBA7oMa01ebA9gfh1uMCFqOuXxvA==",
      "funding": [
        {
          "type": "github",
          "url": "https://github.com/sponsors/feross"
        },
        {
          "type": "patreon",
          "url": "https://www.patreon.com/feross"
        },
        {
          "type": "consulting",
          "url": "https://feross.org/support"
        }
      ],
      "license": "MIT",
      "dependencies": {
        "decompress-response": "^6.0.0",
        "once": "^1.3.1",
        "simple-concat": "^1.0.0"
      }
    },
    "node_modules/source-map": {
      "version": "0.6.1",
      "resolved": "https://registry.npmjs.org/source-map/-/source-map-0.6.1.tgz",
      "integrity": "sha512-UjgapumWlbMhkBgzT7Ykc5YXUT46F0iKu8SGXq0bcwP5dz/h0Plj6enJqjz1Zbq2l5WaqYnrVbwWOWMyF3F47g==",
      "license": "BSD-3-Clause",
      "optional": true,
      "engines": {
        "node": ">=0.10.0"
      }
    },
    "node_modules/string_decoder": {
      "version": "1.3.0",
      "resolved": "https://registry.npmjs.org/string_decoder/-/string_decoder-1.3.0.tgz",
      "integrity": "sha512-hkRX8U1WjJFd8LsDJ2yQ/wWWxaopEsABU1XfkM8A+j0+85JAGppt16cr1Whg6KIbb4okU6Mql6BOj+uup/wKeA==",
      "license": "MIT",
      "dependencies": {
        "safe-buffer": "~5.2.0"
      }
    },
    "node_modules/strip-json-comments": {
      "version": "2.0.1",
      "resolved": "https://registry.npmjs.org/strip-json-comments/-/strip-json-comments-2.0.1.tgz",
      "integrity": "sha512-4gB8na07fecVVkOI6Rs4e7T6NOTki5EmL7TUduTs6bu3EdnSycntVJ4re8kgZA+wx9IueI2Y11bfbgwtzuE0KQ==",
      "license": "MIT",
      "engines": {
        "node": ">=0.10.0"
      }
    },
    "node_modules/tar-fs": {
      "version": "2.1.1",
      "resolved": "https://registry.npmjs.org/tar-fs/-/tar-fs-2.1.1.tgz",
      "integrity": "sha512-V0r2Y9scmbDRLCNex/+hYzvp/zyYjvFbHPNgVTKfQvVrb6guiE/fxP+XblDNR011utopbkex2nM4dHNV6GDsng==",
      "license": "MIT",
      "dependencies": {
        "chownr": "^1.1.1",
        "mkdirp-classic": "^0.5.2",
        "pump": "^3.0.0",
        "tar-stream": "^2.1.4"
      }
    },
    "node_modules/tar-stream": {
      "version": "2.2.0",
      "resolved": "https://registry.npmjs.org/tar-stream/-/tar-stream-2.2.0.tgz",
      "integrity": "sha512-ujeqbceABgwMZxEJnk2HDY2DlnUZ+9oEcb1KzTVfYHio0UE6dG71n60d8D2I4qNvleWrrXpmjpt7vZeF1LnMZQ==",
      "license": "MIT",
      "dependencies": {
        "bl": "^4.0.3",
        "end-of-stream": "^1.4.1",
        "fs-constants": "^1.0.0",
        "inherits": "^2.0.3",
        "readable-stream": "^3.1.1"
      },
      "engines": {
        "node": ">=6"
      }
    },
    "node_modules/tunnel-agent": {
      "version": "0.6.0",
      "resolved": "https://registry.npmjs.org/tunnel-agent/-/tunnel-agent-0.6.0.tgz",
      "integrity": "sha512-McnNiV1l8RYeY8tBgEpuodCC1mLUdbSN+CYBL7kJsJNInOP8UjDDEwdk6Mw60vdLLrr5NHKZhMAOSrR2NZuQ+w==",
      "license": "Apache-2.0",
      "dependencies": {
        "safe-buffer": "^5.0.1"
      },
      "engines": {
        "node": "*"
      }
    },
    "node_modules/type-check": {
      "version": "0.3.2",
      "resolved": "https://registry.npmjs.org/type-check/-/type-check-0.3.2.tgz",
      "integrity": "sha512-ZCmOJdvOWDBYJlzAoFkC+Q0+bUyEOS1ltgp1MGU03fqHG+dbi9tBFU2Rd9QKiDZFAYrhPh2JUf7rZRIuHRKtOg==",
      "license": "MIT",
      "dependencies": {
        "prelude-ls": "~1.1.2"
      },
      "engines": {
        "node": ">= 0.8.0"
      }
    },
    "node_modules/unicode-canonical-property-names-ecmascript": {
      "version": "1.0.4",
      "resolved": "https://registry.npmjs.org/unicode-canonical-property-names-ecmascript/-/unicode-canonical-property-names-ecmascript-1.0.4.tgz",
      "integrity": "sha512-jDrNnXWHd4oHiTZnx/ZG7gtUTVp+gCcTTKr8L0HjlwphROEW3+Him+IpvC+xcJEFegapiMZyZe02CyuOnRmbnQ==",
      "license": "MIT",
      "engines": {
        "node": ">=4"
      }
    },
    "node_modules/unicode-match-property-ecmascript": {
      "version": "1.0.4",
      "resolved": "https://registry.npmjs.org/unicode-match-property-ecmascript/-/unicode-match-property-ecmascript-1.0.4.tgz",
      "integrity": "sha512-L4Qoh15vTfntsn4P1zqnHulG0LdXgjSO035fEpdtp6YxXhMT51Q6vgM5lYdG/5X3MjS+k/Y9Xw4SFCY9IkR0rg==",
      "license": "MIT",
      "dependencies": {
        "unicode-canonical-property-names-ecmascript": "^1.0.4",
        "unicode-property-aliases-ecmascript": "^1.0.4"
      },
      "engines": {
        "node": ">=4"
      }
    },
    "node_modules/unicode-match-property-value-ecmascript": {
      "version": "1.0.2",
      "resolved": "https://registry.npmjs.org/unicode-match-property-value-ecmascript/-/unicode-match-property-value-ecmascript-1.0.2.tgz",
      "integrity": "sha512-Rx7yODZC1L/T8XKo/2kNzVAQaRE88AaMvI1EF/Xnj3GW2wzN6fop9DDWuFAKUVFH7vozkz26DzP0qyWLKLIVPQ==",
      "license": "MIT",
      "engines": {
        "node": ">=4"
      }
    },
    "node_modules/unicode-property-aliases-ecmascript": {
      "version": "1.0.4",
      "resolved": "https://registry.npmjs.org/unicode-property-aliases-ecmascript/-/unicode-property-aliases-ecmascript-1.0.4.tgz",
      "integrity": "sha512-2WSLa6OdYd2ng8oqiGIWnJqyFArvhn+5vgx5GTxMbUYjCYKUcuKS62YLFF0R/BDGlB1yzXjQOLtPAfHsgirEpg==",
      "license": "MIT",
      "engines": {
        "node": ">=4"
      }
    },
    "node_modules/util-deprecate": {
      "version": "1.0.2",
      "resolved": "https://registry.npmjs.org/util-deprecate/-/util-deprecate-1.0.2.tgz",
      "integrity": "sha512-EPD5q1uXyFxJpCrLnCc1nHnq3gOa6DZBocAIiI2TaSCA7VCJ1UJDMagCzIkXNsUYfD1daK//LTEQ8xiIbrHtcw==",
      "license": "MIT"
    },
    "node_modules/uuid": {
      "version": "8.3.2",
      "resolved": "https://registry.npmjs.org/uuid/-/uuid-8.3.2.tgz",
      "integrity": "sha512-+NYs2QeMWy+GWFOEm9xnn6HCDp0l7QBD7ml8zLUmJ+93Q5NF0NocErnwkTkXVFNiX3/fpC6afS8Dhb/gz7R7eg==",
      "license": "MIT",
      "bin": {
        "uuid": "dist/bin/uuid"
      }
    },
    "node_modules/word-wrap": {
      "version": "1.2.5",
      "resolved": "https://registry.npmjs.org/word-wrap/-/word-wrap-1.2.5.tgz",
      "integrity": "sha512-BN22B5eaMMI9UMtjrGd5g5eCYPpCPDUy0FJXbYsaT5zYxjFOckS53SQDE3pWkVoWpHXVb3BrYcEN4Twa55B5cA==",
      "license": "MIT",
      "engines": {
        "node": ">=0.10.0"
      }
    },
    "node_modules/wrappy": {
      "version": "1.0.2",
      "resolved": "https://registry.npmjs.org/wrappy/-/wrappy-1.0.2.tgz",
      "integrity": "sha512-l4Sp/DRseor9wL6EvV2+TuQn63dMkPjZ/sp9XkghTEbV9KlPS1xUsZ3u7/IQO4wxtcFB4bgpQPRcR3QCvezPcQ==",
      "license": "ISC"
    }
  }
}
